
Microsoft Visual Studio Solution File, Format Version 12.00
# Visual Studio 15
VisualStudioVersion = 15.0.27130.2036
MinimumVisualStudioVersion = 10.0.40219.1
Project("{888888A0-9F3D-457C-B088-3A5042F75D52}") = "PythonClassifierApplication1", "PythonClassifierApplication1.pyproj", "{C48D0894-5524-474A-AF99-27D26A92BA30}"
EndProject
Global
	GlobalSection(SolutionConfigurationPlatforms) = preSolution
		Debug|Any CPU = Debug|Any CPU
		Release|Any CPU = Release|Any CPU
	EndGlobalSection
	GlobalSection(ProjectConfigurationPlatforms) = postSolution
		{C48D0894-5524-474A-AF99-27D26A92BA30}.Debug|Any CPU.ActiveCfg = Debug|Any CPU
		{C48D0894-5524-474A-AF99-27D26A92BA30}.Release|Any CPU.ActiveCfg = Release|Any CPU
	EndGlobalSection
	GlobalSection(SolutionProperties) = preSolution
		HideSolutionNode = FALSE
	EndGlobalSection
	GlobalSection(ExtensibilityGlobals) = postSolution
		SolutionGuid = {663817C7-887B-4CC5-BAFF-FD2E4BBCE7FB}
	EndGlobalSection
EndGlobal
